
Microsoft Visual Studio Solution File, Format Version 12.00
# Visual Studio Version 17
VisualStudioVersion = 17.14.36518.9 d17.14
MinimumVisualStudioVersion = 10.0.40219.1
Project("{FAE04EC0-301F-11D3-BF4B-00C04F79EFBC}") = "HBergasa_RRHH", "HBergasa_RRHH\HBergasa_RRHH.csproj", "{A230E18B-3DD7-45E9-A294-CD787CE597E2}"
EndProject
Global
	GlobalSection(SolutionConfigurationPlatforms) = preSolution
		Debug|Any CPU = Debug|Any CPU
		Release|Any CPU = Release|Any CPU
	EndGlobalSection
	GlobalSection(ProjectConfigurationPlatforms) = postSolution
		{A230E18B-3DD7-45E9-A294-CD787CE597E2}.Debug|Any CPU.ActiveCfg = Debug|Any CPU
		{A230E18B-3DD7-45E9-A294-CD787CE597E2}.Debug|Any CPU.Build.0 = Debug|Any CPU
		{A230E18B-3DD7-45E9-A294-CD787CE597E2}.Release|Any CPU.ActiveCfg = Release|Any CPU
		{A230E18B-3DD7-45E9-A294-CD787CE597E2}.Release|Any CPU.Build.0 = Release|Any CPU
	EndGlobalSection
	GlobalSection(SolutionProperties) = preSolution
		HideSolutionNode = FALSE
	EndGlobalSection
	GlobalSection(ExtensibilityGlobals) = postSolution
		SolutionGuid = {B83108F4-5818-44AB-B883-7EA314C67025}
	EndGlobalSection
EndGlobal
